// !$*UTF8*$!
{
	archiveVersion = 1;
	classes = {
	};
	objectVersion = 46;
	objects = {

/* Begin PBXBuildFile section */
		4412F57E1A420A300074EEFA /* CustomTableViewCell.m in Sources */ = {isa = PBXBuildFile; fileRef = 4412F57C1A420A300074EEFA /* CustomTableViewCell.m */; };
		4412F57F1A420A300074EEFA /* CustomTableViewCell.xib in Resources */ = {isa = PBXBuildFile; fileRef = 4412F57D1A420A300074EEFA /* CustomTableViewCell.xib */; };
		A27BC4FD1A417F23002930B7 /* main.m in Sources */ = {isa = PBXBuildFile; fileRef = A27BC4FC1A417F23002930B7 /* main.m */; };
		A27BC5001A417F23002930B7 /* AppDelegate.m in Sources */ = {isa = PBXBuildFile; fileRef = A27BC4FF1A417F23002930B7 /* AppDelegate.m */; };
		A27BC5031A417F23002930B7 /* MasterViewController.m in Sources */ = {isa = PBXBuildFile; fileRef = A27BC5021A417F23002930B7 /* MasterViewController.m */; };
		A27BC5091A417F24002930B7 /* Main.storyboard in Resources */ = {isa = PBXBuildFile; fileRef = A27BC5071A417F24002930B7 /* Main.storyboard */; };
		A27BC50B1A417F24002930B7 /* Images.xcassets in Resources */ = {isa = PBXBuildFile; fileRef = A27BC50A1A417F24002930B7 /* Images.xcassets */; };
		A27BC50E1A417F24002930B7 /* LaunchScreen.xib in Resources */ = {isa = PBXBuildFile; fileRef = A27BC50C1A417F24002930B7 /* LaunchScreen.xib */; };
		A27BC51A1A417F24002930B7 /* AutoLayoutDemoTests.m in Sources */ = {isa = PBXBuildFile; fileRef = A27BC5191A417F24002930B7 /* AutoLayoutDemoTests.m */; };
		A27BC5251A418260002930B7 /* WithSpacerViewController.m in Sources */ = {isa = PBXBuildFile; fileRef = A27BC5241A418260002930B7 /* WithSpacerViewController.m */; };
		A27BC5281A418D6F002930B7 /* HuggingCompressingViewController.m in Sources */ = {isa = PBXBuildFile; fileRef = A27BC5271A418D6F002930B7 /* HuggingCompressingViewController.m */; };
		A27BC52E1A418FA2002930B7 /* CustomViewController.m in Sources */ = {isa = PBXBuildFile; fileRef = A27BC52D1A418FA2002930B7 /* CustomViewController.m */; };
		A27BC5311A419256002930B7 /* AlphaView.m in Sources */ = {isa = PBXBuildFile; fileRef = A27BC5301A419256002930B7 /* AlphaView.m */; };
		A27BC5341A419588002930B7 /* AlphaView.xib in Resources */ = {isa = PBXBuildFile; fileRef = A27BC5331A419588002930B7 /* AlphaView.xib */; };
/* End PBXBuildFile section */

/* Begin PBXContainerItemProxy section */
		A27BC5141A417F24002930B7 /* PBXContainerItemProxy */ = {
			isa = PBXContainerItemProxy;
			containerPortal = A27BC4EF1A417F23002930B7 /* Project object */;
			proxyType = 1;
			remoteGlobalIDString = A27BC4F61A417F23002930B7;
			remoteInfo = AutoLayoutDemo;
		};
/* End PBXContainerItemProxy section */

/* Begin PBXFileReference section */
		4412F57B1A420A300074EEFA /* CustomTableViewCell.h */ = {isa = PBXFileReference; fileEncoding = 4; lastKnownFileType = sourcecode.c.h; path = CustomTableViewCell.h; sourceTree = "<group>"; };
		4412F57C1A420A300074EEFA /* CustomTableViewCell.m */ = {isa = PBXFileReference; fileEncoding = 4; lastKnownFileType = sourcecode.c.objc; path = CustomTableViewCell.m; sourceTree = "<group>"; };
		4412F57D1A420A300074EEFA /* CustomTableViewCell.xib */ = {isa = PBXFileReference; fileEncoding = 4; lastKnownFileType = file.xib; path = CustomTableViewCell.xib; sourceTree = "<group>"; };
		A27BC4F71A417F23002930B7 /* AutoLayoutDemo.app */ = {isa = PBXFileReference; explicitFileType = wrapper.application; includeInIndex = 0; path = AutoLayoutDemo.app; sourceTree = BUILT_PRODUCTS_DIR; };
		A27BC4FB1A417F23002930B7 /* Info.plist */ = {isa = PBXFileReference; lastKnownFileType = text.plist.xml; path = Info.plist; sourceTree = "<group>"; };
		A27BC4FC1A417F23002930B7 /* main.m */ = {isa = PBXFileReference; lastKnownFileType = sourcecode.c.objc; path = main.m; sourceTree = "<group>"; };
		A27BC4FE1A417F23002930B7 /* AppDelegate.h */ = {isa = PBXFileReference; lastKnownFileType = sourcecode.c.h; path = AppDelegate.h; sourceTree = "<group>"; };
		A27BC4FF1A417F23002930B7 /* AppDelegate.m */ = {isa = PBXFileReference; lastKnownFileType = sourcecode.c.objc; path = AppDelegate.m; sourceTree = "<group>"; };
		A27BC5011A417F23002930B7 /* MasterViewController.h */ = {isa = PBXFileReference; lastKnownFileType = sourcecode.c.h; path = MasterViewController.h; sourceTree = "<group>"; };
		A27BC5021A417F23002930B7 /* MasterViewController.m */ = {isa = PBXFileReference; lastKnownFileType = sourcecode.c.objc; path = MasterViewController.m; sourceTree = "<group>"; };
		A27BC5081A417F24002930B7 /* Base */ = {isa = PBXFileReference; lastKnownFileType = file.storyboard; name = Base; path = Base.lproj/Main.storyboard; sourceTree = "<group>"; };
		A27BC50A1A417F24002930B7 /* Images.xcassets */ = {isa = PBXFileReference; lastKnownFileType = folder.assetcatalog; path = Images.xcassets; sourceTree = "<group>"; };
		A27BC50D1A417F24002930B7 /* Base */ = {isa = PBXFileReference; lastKnownFileType = file.xib; name = Base; path = Base.lproj/LaunchScreen.xib; sourceTree = "<group>"; };
		A27BC5131A417F24002930B7 /* AutoLayoutDemoTests.xctest */ = {isa = PBXFileReference; explicitFileType = wrapper.cfbundle; includeInIndex = 0; path = AutoLayoutDemoTests.xctest; sourceTree = BUILT_PRODUCTS_DIR; };
		A27BC5181A417F24002930B7 /* Info.plist */ = {isa = PBXFileReference; lastKnownFileType = text.plist.xml; path = Info.plist; sourceTree = "<group>"; };
		A27BC5191A417F24002930B7 /* AutoLayoutDemoTests.m */ = {isa = PBXFileReference; lastKnownFileType = sourcecode.c.objc; path = AutoLayoutDemoTests.m; sourceTree = "<group>"; };
		A27BC5231A418260002930B7 /* WithSpacerViewController.h */ = {isa = PBXFileReference; fileEncoding = 4; lastKnownFileType = sourcecode.c.h; path = WithSpacerViewController.h; sourceTree = "<group>"; };
		A27BC5241A418260002930B7 /* WithSpacerViewController.m */ = {isa = PBXFileReference; fileEncoding = 4; lastKnownFileType = sourcecode.c.objc; path = WithSpacerViewController.m; sourceTree = "<group>"; };
		A27BC5261A418D6F002930B7 /* HuggingCompressingViewController.h */ = {isa = PBXFileReference; fileEncoding = 4; lastKnownFileType = sourcecode.c.h; path = HuggingCompressingViewController.h; sourceTree = "<group>"; };
		A27BC5271A418D6F002930B7 /* HuggingCompressingViewController.m */ = {isa = PBXFileReference; fileEncoding = 4; lastKnownFileType = sourcecode.c.objc; path = HuggingCompressingViewController.m; sourceTree = "<group>"; };
		A27BC52C1A418FA2002930B7 /* CustomViewController.h */ = {isa = PBXFileReference; fileEncoding = 4; lastKnownFileType = sourcecode.c.h; path = CustomViewController.h; sourceTree = "<group>"; };
		A27BC52D1A418FA2002930B7 /* CustomViewController.m */ = {isa = PBXFileReference; fileEncoding = 4; lastKnownFileType = sourcecode.c.objc; path = CustomViewController.m; sourceTree = "<group>"; };
		A27BC52F1A419256002930B7 /* AlphaView.h */ = {isa = PBXFileReference; fileEncoding = 4; lastKnownFileType = sourcecode.c.h; path = AlphaView.h; sourceTree = "<group>"; };
		A27BC5301A419256002930B7 /* AlphaView.m */ = {isa = PBXFileReference; fileEncoding = 4; lastKnownFileType = sourcecode.c.objc; path = AlphaView.m; sourceTree = "<group>"; };
		A27BC5331A419588002930B7 /* AlphaView.xib */ = {isa = PBXFileReference; fileEncoding = 4; lastKnownFileType = file.xib; path = AlphaView.xib; sourceTree = "<group>"; };
/* End PBXFileReference section */

/* Begin PBXFrameworksBuildPhase section */
		A27BC4F41A417F23002930B7 /* Frameworks */ = {
			isa = PBXFrameworksBuildPhase;
			buildActionMask = 2147483647;
			files = (
			);
			runOnlyForDeploymentPostprocessing = 0;
		};
		A27BC5101A417F24002930B7 /* Frameworks */ = {
			isa = PBXFrameworksBuildPhase;
			buildActionMask = 2147483647;
			files = (
			);
			runOnlyForDeploymentPostprocessing = 0;
		};
/* End PBXFrameworksBuildPhase section */

/* Begin PBXGroup section */
		A27BC4EE1A417F23002930B7 = {
			isa = PBXGroup;
			children = (
				A27BC4F91A417F23002930B7 /* AutoLayoutDemo */,
				A27BC5161A417F24002930B7 /* AutoLayoutDemoTests */,
				A27BC4F81A417F23002930B7 /* Products */,
			);
			sourceTree = "<group>";
		};
		A27BC4F81A417F23002930B7 /* Products */ = {
			isa = PBXGroup;
			children = (
				A27BC4F71A417F23002930B7 /* AutoLayoutDemo.app */,
				A27BC5131A417F24002930B7 /* AutoLayoutDemoTests.xctest */,
			);
			name = Products;
			sourceTree = "<group>";
		};
		A27BC4F91A417F23002930B7 /* AutoLayoutDemo */ = {
			isa = PBXGroup;
			children = (
				A27BC5321A41925E002930B7 /* views */,
				A27BC5011A417F23002930B7 /* MasterViewController.h */,
				A27BC5021A417F23002930B7 /* MasterViewController.m */,
				A27BC5231A418260002930B7 /* WithSpacerViewController.h */,
				A27BC5241A418260002930B7 /* WithSpacerViewController.m */,
				A27BC5261A418D6F002930B7 /* HuggingCompressingViewController.h */,
				A27BC5271A418D6F002930B7 /* HuggingCompressingViewController.m */,
				A27BC52C1A418FA2002930B7 /* CustomViewController.h */,
				A27BC52D1A418FA2002930B7 /* CustomViewController.m */,
				A27BC4FE1A417F23002930B7 /* AppDelegate.h */,
				A27BC4FF1A417F23002930B7 /* AppDelegate.m */,
				A27BC5071A417F24002930B7 /* Main.storyboard */,
				A27BC50A1A417F24002930B7 /* Images.xcassets */,
				A27BC50C1A417F24002930B7 /* LaunchScreen.xib */,
				A27BC4FA1A417F23002930B7 /* Supporting Files */,
			);
			path = AutoLayoutDemo;
			sourceTree = "<group>";
		};
		A27BC4FA1A417F23002930B7 /* Supporting Files */ = {
			isa = PBXGroup;
			children = (
				A27BC4FB1A417F23002930B7 /* Info.plist */,
				A27BC4FC1A417F23002930B7 /* main.m */,
			);
			name = "Supporting Files";
			sourceTree = "<group>";
		};
		A27BC5161A417F24002930B7 /* AutoLayoutDemoTests */ = {
			isa = PBXGroup;
			children = (
				A27BC5191A417F24002930B7 /* AutoLayoutDemoTests.m */,
				A27BC5171A417F24002930B7 /* Supporting Files */,
			);
			path = AutoLayoutDemoTests;
			sourceTree = "<group>";
		};
		A27BC5171A417F24002930B7 /* Supporting Files */ = {
			isa = PBXGroup;
			children = (
				A27BC5181A417F24002930B7 /* Info.plist */,
			);
			name = "Supporting Files";
			sourceTree = "<group>";
		};
		A27BC5321A41925E002930B7 /* views */ = {
			isa = PBXGroup;
			children = (
				A27BC52F1A419256002930B7 /* AlphaView.h */,
				A27BC5301A419256002930B7 /* AlphaView.m */,
				A27BC5331A419588002930B7 /* AlphaView.xib */,
				4412F57B1A420A300074EEFA /* CustomTableViewCell.h */,
				4412F57C1A420A300074EEFA /* CustomTableViewCell.m */,
				4412F57D1A420A300074EEFA /* CustomTableViewCell.xib */,
			);
			path = views;
			sourceTree = "<group>";
		};
/* End PBXGroup section */

/* Begin PBXNativeTarget section */
		A27BC4F61A417F23002930B7 /* AutoLayoutDemo */ = {
			isa = PBXNativeTarget;
			buildConfigurationList = A27BC51D1A417F24002930B7 /* Build configuration list for PBXNativeTarget "AutoLayoutDemo" */;
			buildPhases = (
				A27BC4F31A417F23002930B7 /* Sources */,
				A27BC4F41A417F23002930B7 /* Frameworks */,
				A27BC4F51A417F23002930B7 /* Resources */,
			);
			buildRules = (
			);
			dependencies = (
			);
			name = AutoLayoutDemo;
			productName = AutoLayoutDemo;
			productReference = A27BC4F71A417F23002930B7 /* AutoLayoutDemo.app */;
			productType = "com.apple.product-type.application";
		};
		A27BC5121A417F24002930B7 /* AutoLayoutDemoTests */ = {
			isa = PBXNativeTarget;
			buildConfigurationList = A27BC5201A417F24002930B7 /* Build configuration list for PBXNativeTarget "AutoLayoutDemoTests" */;
			buildPhases = (
				A27BC50F1A417F24002930B7 /* Sources */,
				A27BC5101A417F24002930B7 /* Frameworks */,
				A27BC5111A417F24002930B7 /* Resources */,
			);
			buildRules = (
			);
			dependencies = (
				A27BC5151A417F24002930B7 /* PBXTargetDependency */,
			);
			name = AutoLayoutDemoTests;
			productName = AutoLayoutDemoTests;
			productReference = A27BC5131A417F24002930B7 /* AutoLayoutDemoTests.xctest */;
			productType = "com.apple.product-type.bundle.unit-test";
		};
/* End PBXNativeTarget section */

/* Begin PBXProject section */
		A27BC4EF1A417F23002930B7 /* Project object */ = {
			isa = PBXProject;
			attributes = {
				LastUpgradeCheck = 0610;
				ORGANIZATIONNAME = kitagawa;
				TargetAttributes = {
					A27BC4F61A417F23002930B7 = {
						CreatedOnToolsVersion = 6.1.1;
					};
					A27BC5121A417F24002930B7 = {
						CreatedOnToolsVersion = 6.1.1;
						TestTargetID = A27BC4F61A417F23002930B7;
					};
				};
			};
			buildConfigurationList = A27BC4F21A417F23002930B7 /* Build configuration list for PBXProject "AutoLayoutDemo" */;
			compatibilityVersion = "Xcode 3.2";
			developmentRegion = English;
			hasScannedForEncodings = 0;
			knownRegions = (
				en,
				Base,
			);
			mainGroup = A27BC4EE1A417F23002930B7;
			productRefGroup = A27BC4F81A417F23002930B7 /* Products */;
			projectDirPath = "";
			projectRoot = "";
			targets = (
				A27BC4F61A417F23002930B7 /* AutoLayoutDemo */,
				A27BC5121A417F24002930B7 /* AutoLayoutDemoTests */,
			);
		};
/* End PBXProject section */

/* Begin PBXResourcesBuildPhase section */
		A27BC4F51A417F23002930B7 /* Resources */ = {
			isa = PBXResourcesBuildPhase;
			buildActionMask = 2147483647;
			files = (
				A27BC5091A417F24002930B7 /* Main.storyboard in Resources */,
				A27BC50E1A417F24002930B7 /* LaunchScreen.xib in Resources */,
				A27BC50B1A417F24002930B7 /* Images.xcassets in Resources */,
				4412F57F1A420A300074EEFA /* CustomTableViewCell.xib in Resources */,
				A27BC5341A419588002930B7 /* AlphaView.xib in Resources */,
			);
			runOnlyForDeploymentPostprocessing = 0;
		};
		A27BC5111A417F24002930B7 /* Resources */ = {
			isa = PBXResourcesBuildPhase;
			buildActionMask = 2147483647;
			files = (
			);
			runOnlyForDeploymentPostprocessing = 0;
		};
/* End PBXResourcesBuildPhase section */

/* Begin PBXSourcesBuildPhase section */
		A27BC4F31A417F23002930B7 /* Sources */ = {
			isa = PBXSourcesBuildPhase;
			buildActionMask = 2147483647;
			files = (
				A27BC5001A417F23002930B7 /* AppDelegate.m in Sources */,
				A27BC52E1A418FA2002930B7 /* CustomViewController.m in Sources */,
				A27BC5031A417F23002930B7 /* MasterViewController.m in Sources */,
				A27BC5251A418260002930B7 /* WithSpacerViewController.m in Sources */,
				A27BC4FD1A417F23002930B7 /* main.m in Sources */,
				A27BC5281A418D6F002930B7 /* HuggingCompressingViewController.m in Sources */,
				4412F57E1A420A300074EEFA /* CustomTableViewCell.m in Sources */,
				A27BC5311A419256002930B7 /* AlphaView.m in Sources */,
			);
			runOnlyForDeploymentPostprocessing = 0;
		};
		A27BC50F1A417F24002930B7 /* Sources */ = {
			isa = PBXSourcesBuildPhase;
			buildActionMask = 2147483647;
			files = (
				A27BC51A1A417F24002930B7 /* AutoLayoutDemoTests.m in Sources */,
			);
			runOnlyForDeploymentPostprocessing = 0;
		};
/* End PBXSourcesBuildPhase section */

/* Begin PBXTargetDependency section */
		A27BC5151A417F24002930B7 /* PBXTargetDependency */ = {
			isa = PBXTargetDependency;
			target = A27BC4F61A417F23002930B7 /* AutoLayoutDemo */;
			targetProxy = A27BC5141A417F24002930B7 /* PBXContainerItemProxy */;
		};
/* End PBXTargetDependency section */

/* Begin PBXVariantGroup section */
		A27BC5071A417F24002930B7 /* Main.storyboard */ = {
			isa = PBXVariantGroup;
			children = (
				A27BC5081A417F24002930B7 /* Base */,
			);
			name = Main.storyboard;
			sourceTree = "<group>";
		};
		A27BC50C1A417F24002930B7 /* LaunchScreen.xib */ = {
			isa = PBXVariantGroup;
			children = (
				A27BC50D1A417F24002930B7 /* Base */,
			);
			name = LaunchScreen.xib;
			sourceTree = "<group>";
		};
/* End PBXVariantGroup section */

/* Begin XCBuildConfiguration section */
		A27BC51B1A417F24002930B7 /* Debug */ = {
			isa = XCBuildConfiguration;
			buildSettings = {
				ALWAYS_SEARCH_USER_PATHS = NO;
				CLANG_CXX_LANGUAGE_STANDARD = "gnu++0x";
				CLANG_CXX_LIBRARY = "libc++";
				CLANG_ENABLE_MODULES = YES;
				CLANG_ENABLE_OBJC_ARC = YES;
				CLANG_WARN_BOOL_CONVERSION = YES;
				CLANG_WARN_CONSTANT_CONVERSION = YES;
				CLANG_WARN_DIRECT_OBJC_ISA_USAGE = YES_ERROR;
				CLANG_WARN_EMPTY_BODY = YES;
				CLANG_WARN_ENUM_CONVERSION = YES;
				CLANG_WARN_INT_CONVERSION = YES;
				CLANG_WARN_OBJC_ROOT_CLASS = YES_ERROR;
				CLANG_WARN_UNREACHABLE_CODE = YES;
				CLANG_WARN__DUPLICATE_METHOD_MATCH = YES;
				"CODE_SIGN_IDENTITY[sdk=iphoneos*]" = "iPhone Developer";
				COPY_PHASE_STRIP = NO;
				ENABLE_STRICT_OBJC_MSGSEND = YES;
				GCC_C_LANGUAGE_STANDARD = gnu99;
				GCC_DYNAMIC_NO_PIC = NO;
				GCC_OPTIMIZATION_LEVEL = 0;
				GCC_PREPROCESSOR_DEFINITIONS = (
					"DEBUG=1",
					"$(inherited)",
				);
				GCC_SYMBOLS_PRIVATE_EXTERN = NO;
				GCC_WARN_64_TO_32_BIT_CONVERSION = YES;
				GCC_WARN_ABOUT_RETURN_TYPE = YES_ERROR;
				GCC_WARN_UNDECLARED_SELECTOR = YES;
				GCC_WARN_UNINITIALIZED_AUTOS = YES_AGGRESSIVE;
				GCC_WARN_UNUSED_FUNCTION = YES;
				GCC_WARN_UNUSED_VARIABLE = YES;
				IPHONEOS_DEPLOYMENT_TARGET = 8.1;
				MTL_ENABLE_DEBUG_INFO = YES;
				ONLY_ACTIVE_ARCH = YES;
				SDKROOT = iphoneos;
			};
			name = Debug;
		};
		A27BC51C1A417F24002930B7 /* Release */ = {
			isa = XCBuildConfiguration;
			buildSettings = {
				ALWAYS_SEARCH_USER_PATHS = NO;
				CLANG_CXX_LANGUAGE_STANDARD = "gnu++0x";
				CLANG_CXX_LIBRARY = "libc++";
				CLANG_ENABLE_MODULES = YES;
				CLANG_ENABLE_OBJC_ARC = YES;
				CLANG_WARN_BOOL_CONVERSION = YES;
				CLANG_WARN_CONSTANT_CONVERSION = YES;
				CLANG_WARN_DIRECT_OBJC_ISA_USAGE = YES_ERROR;
				CLANG_WARN_EMPTY_BODY = YES;
				CLANG_WARN_ENUM_CONVERSION = YES;
				CLANG_WARN_INT_CONVERSION = YES;
				CLANG_WARN_OBJC_ROOT_CLASS = YES_ERROR;
				CLANG_WARN_UNREACHABLE_CODE = YES;
				CLANG_WARN__DUPLICATE_METHOD_MATCH = YES;
				"CODE_SIGN_IDENTITY[sdk=iphoneos*]" = "iPhone Developer";
				COPY_PHASE_STRIP = YES;
				ENABLE_NS_ASSERTIONS = NO;
				ENABLE_STRICT_OBJC_MSGSEND = YES;
				GCC_C_LANGUAGE_STANDARD = gnu99;
				GCC_WARN_64_TO_32_BIT_CONVERSION = YES;
				GCC_WARN_ABOUT_RETURN_TYPE = YES_ERROR;
				GCC_WARN_UNDECLARED_SELECTOR = YES;
				GCC_WARN_UNINITIALIZED_AUTOS = YES_AGGRESSIVE;
				GCC_WARN_UNUSED_FUNCTION = YES;
				GCC_WARN_UNUSED_VARIABLE = YES;
				IPHONEOS_DEPLOYMENT_TARGET = 8.1;
				MTL_ENABLE_DEBUG_INFO = NO;
				SDKROOT = iphoneos;
				VALIDATE_PRODUCT = YES;
			};
			name = Release;
		};
		A27BC51E1A417F24002930B7 /* Debug */ = {
			isa = XCBuildConfiguration;
			buildSettings = {
				ASSETCATALOG_COMPILER_APPICON_NAME = AppIcon;
				INFOPLIST_FILE = AutoLayoutDemo/Info.plist;
				LD_RUNPATH_SEARCH_PATHS = "$(inherited) @executable_path/Frameworks";
				PRODUCT_NAME = "$(TARGET_NAME)";
			};
			name = Debug;
		};
		A27BC51F1A417F24002930B7 /* Release */ = {
			isa = XCBuildConfiguration;
			buildSettings = {
				ASSETCATALOG_COMPILER_APPICON_NAME = AppIcon;
				INFOPLIST_FILE = AutoLayoutDemo/Info.plist;
				LD_RUNPATH_SEARCH_PATHS = "$(inherited) @executable_path/Frameworks";
				PRODUCT_NAME = "$(TARGET_NAME)";
			};
			name = Release;
		};
		A27BC5211A417F24002930B7 /* Debug */ = {
			isa = XCBuildConfiguration;
			buildSettings = {
				BUNDLE_LOADER = "$(TEST_HOST)";
				FRAMEWORK_SEARCH_PATHS = (
					"$(SDKROOT)/Developer/Library/Frameworks",
					"$(inherited)",
				);
				GCC_PREPROCESSOR_DEFINITIONS = (
					"DEBUG=1",
					"$(inherited)",
				);
				INFOPLIST_FILE = AutoLayoutDemoTests/Info.plist;
				LD_RUNPATH_SEARCH_PATHS = "$(inherited) @executable_path/Frameworks @loader_path/Frameworks";
				PRODUCT_NAME = "$(TARGET_NAME)";
				TEST_HOST = "$(BUILT_PRODUCTS_DIR)/AutoLayoutDemo.app/AutoLayoutDemo";
			};
			name = Debug;
		};
		A27BC5221A417F24002930B7 /* Release */ = {
			isa = XCBuildConfiguration;
			buildSettings = {
				BUNDLE_LOADER = "$(TEST_HOST)";
				FRAMEWORK_SEARCH_PATHS = (
					"$(SDKROOT)/Developer/Library/Frameworks",
					"$(inherited)",
				);
				INFOPLIST_FILE = AutoLayoutDemoTests/Info.plist;
				LD_RUNPATH_SEARCH_PATHS = "$(inherited) @executable_path/Frameworks @loader_path/Frameworks";
				PRODUCT_NAME = "$(TARGET_NAME)";
				TEST_HOST = "$(BUILT_PRODUCTS_DIR)/AutoLayoutDemo.app/AutoLayoutDemo";
			};
			name = Release;
		};
/* End XCBuildConfiguration section */

/* Begin XCConfigurationList section */
		A27BC4F21A417F23002930B7 /* Build configuration list for PBXProject "AutoLayoutDemo" */ = {
			isa = XCConfigurationList;
			buildConfigurations = (
				A27BC51B1A417F24002930B7 /* Debug */,
				A27BC51C1A417F24002930B7 /* Release */,
			);
			defaultConfigurationIsVisible = 0;
			defaultConfigurationName = Release;
		};
		A27BC51D1A417F24002930B7 /* Build configuration list for PBXNativeTarget "AutoLayoutDemo" */ = {
			isa = XCConfigurationList;
			buildConfigurations = (
				A27BC51E1A417F24002930B7 /* Debug */,
				A27BC51F1A417F24002930B7 /* Release */,
			);
			defaultConfigurationIsVisible = 0;
			defaultConfigurationName = Release;
		};
		A27BC5201A417F24002930B7 /* Build configuration list for PBXNativeTarget "AutoLayoutDemoTests" */ = {
			isa = XCConfigurationList;
			buildConfigurations = (
				A27BC5211A417F24002930B7 /* Debug */,
				A27BC5221A417F24002930B7 /* Release */,
			);
			defaultConfigurationIsVisible = 0;
			defaultConfigurationName = Release;
		};
/* End XCConfigurationList section */
	};
	rootObject = A27BC4EF1A417F23002930B7 /* Project object */;
}
